# THIS IS AN AUTOGENERATED FILE. DO NOT EDIT THIS FILE DIRECTLY.
# yarn lockfile v1


csv-parse@^5.0.4:
  version "5.0.4"
  resolved "https://registry.yarnpkg.com/csv-parse/-/csv-parse-5.0.4.tgz#97e5e654413bcf95f2714ce09bcb2be6de0eb8e3"
  integrity sha512-5AIdl8l6n3iYQYxan5djB5eKDa+vBnhfWZtRpJTcrETWfVLYN0WSj3L9RwvgYt+psoO77juUr8TG8qpfGZifVQ==

csv-stringify@^6.0.5:
  version "6.0.5"
  resolved "https://registry.yarnpkg.com/csv-stringify/-/csv-stringify-6.0.5.tgz#3474a4fe784249eb5c91d455f616e1f70961cdc0"
  integrity sha512-7xpV3uweJCFF/Ssn56l3xsR/k2r3UqszwjEhej9qEn2cCPzyK1WyHCgoUVzBA792x8HbwonNX7CU9XM2K5s5yw==
